PODS:
  - AMap3DMap (6.7.0):
    - AMapFoundation (~> 1.5)
  - AMapFoundation (1.5.6)
  - FMDB (2.7.5):
    - FMDB/standard (= 2.7.5)
  - FMDB/standard (2.7.5)
  - MJRefresh (3.1.16)
  - MLLabel (1.10.5)
  - MMWebView (1.1)
  - SDWebImage (4.4.6):
    - SDWebImage/Core (= 4.4.6)
  - SDWebImage/Core (4.4.6)
  - UMengAnalytics-NO-IDFA (4.2.5)
  - UUActionSheet (1.7)
  - UUButton (1.1)
  - YYText (1.0.7)

DEPENDENCIES:
  - AMap3DMap
  - FMDB
  - MJRefresh
  - MLLabel
  - MMWebView
  - SDWebImage
  - UMengAnalytics-NO-IDFA
  - UUActionSheet
  - UUButton
  - YYText

SPEC REPOS:
  https://github.com/cocoapods/specs.git:
    - AMap3DMap
    - AMapFoundation
    - FMDB
    - MJRefresh
    - MLLabel
    - MMWebView
    - SDWebImage
    - UMengAnalytics-NO-IDFA
    - UUActionSheet
    - UUButton
    - YYText

SPEC CHECKSUMS:
  AMap3DMap: 7bb992e6bfb99e34e6c7a368958dde9d743a23f1
  AMapFoundation: 20fce2a12cd152e1092afdd04379cdac21932185
  FMDB: 2ce00b547f966261cd18927a3ddb07cb6f3db82a
  MJRefresh: 7798e16e53a5ef7f332dd05b27664db4e29530fd
  MLLabel: d76124055a2205e7f76878e62cd06ba925ba0c97
  MMWebView: 4d7c3789bc558e615bed91e9fb3e1a2a62a514ad
  SDWebImage: 3f3f0c02f09798048c47a5ed0a13f17b063572d8
  UMengAnalytics-NO-IDFA: 16666e32edce5be44ae5b14aaaa7f3582e09d6ab
  UUActionSheet: a73fb593b835e66f679e51c9ccdf470070475c60
  UUButton: 9a19bbe0c812a6920de21da8acca7a2d0bad52da
  YYText: 5c461d709e24d55a182d1441c41dc639a18a4849

PODFILE CHECKSUM: b60d82e5c86a0e451eb81490f12a0349f2bd8e94

COCOAPODS: 1.6.1
