// !$*UTF8*$!
{
	archiveVersion = 1;
	classes = {
	};
	objectVersion = 46;
	objects = {

/* Begin PBXBuildFile section */
		535C20E17AD05A5D54A46E71 /* libPods-MomentKit.a in Frameworks */ = {isa = PBXBuildFile; fileRef = 982B6162EEA9642E2354D7BD /* libPods-MomentKit.a */; };
		8B3BA0B01FDFE1BF00407D25 /* main.m in Sources */ = {isa = PBXBuildFile; fileRef = 8B3BA0AF1FDFE1BF00407D25 /* main.m */; };
		8B3BA0B31FDFE1BF00407D25 /* AppDelegate.m in Sources */ = {isa = PBXBuildFile; fileRef = 8B3BA0B21FDFE1BF00407D25 /* AppDelegate.m */; };
		8B3BA0B91FDFE1BF00407D25 /* Main.storyboard in Resources */ = {isa = PBXBuildFile; fileRef = 8B3BA0B71FDFE1BF00407D25 /* Main.storyboard */; };
		8B3BA0BB1FDFE1BF00407D25 /* Assets.xcassets in Resources */ = {isa = PBXBuildFile; fileRef = 8B3BA0BA1FDFE1BF00407D25 /* Assets.xcassets */; };
		8B3BA0BE1FDFE1BF00407D25 /* LaunchScreen.storyboard in Resources */ = {isa = PBXBuildFile; fileRef = 8B3BA0BC1FDFE1BF00407D25 /* LaunchScreen.storyboard */; };
		8B3BA1171FDFE63A00407D25 /* UIView+Geometry.m in Sources */ = {isa = PBXBuildFile; fileRef = 8B3BA1161FDFE63A00407D25 /* UIView+Geometry.m */; };
		8B3BA1351FDFE72300407D25 /* MainViewController.m in Sources */ = {isa = PBXBuildFile; fileRef = 8B3BA1341FDFE72300407D25 /* MainViewController.m */; };
		8B3BA1581FDFE91400407D25 /* MomentViewController.m in Sources */ = {isa = PBXBuildFile; fileRef = 8B3BA13E1FDFE91400407D25 /* MomentViewController.m */; };
		8B3BA1591FDFE91400407D25 /* Comment.m in Sources */ = {isa = PBXBuildFile; fileRef = 8B3BA1411FDFE91400407D25 /* Comment.m */; };
		8B3BA15A1FDFE91400407D25 /* Moment.m in Sources */ = {isa = PBXBuildFile; fileRef = 8B3BA1431FDFE91400407D25 /* Moment.m */; };
		8B3BA16E1FDFEAFD00407D25 /* Utility.m in Sources */ = {isa = PBXBuildFile; fileRef = 8B3BA16D1FDFEAFD00407D25 /* Utility.m */; };
		8BD194131FE105AE00062E0A /* MLLabelUtil.m in Sources */ = {isa = PBXBuildFile; fileRef = 8BD194121FE105AE00062E0A /* MLLabelUtil.m */; };
		8BE52D151FE35CC200B305C2 /* MMOperateMenuView.m in Sources */ = {isa = PBXBuildFile; fileRef = 8BE52D141FE35CC200B305C2 /* MMOperateMenuView.m */; };
		8BF765761FE2270C0064EC94 /* MomentCell.m in Sources */ = {isa = PBXBuildFile; fileRef = 8BF765751FE2270C0064EC94 /* MomentCell.m */; };
		8BF765791FE2272A0064EC94 /* MMImageListView.m in Sources */ = {isa = PBXBuildFile; fileRef = 8BF765781FE2272A0064EC94 /* MMImageListView.m */; };
		8BF7657C1FE227450064EC94 /* MMImagePreviewView.m in Sources */ = {isa = PBXBuildFile; fileRef = 8BF7657B1FE227450064EC94 /* MMImagePreviewView.m */; };
		FA15603122239686001B626B /* MMLocationViewController.m in Sources */ = {isa = PBXBuildFile; fileRef = FA15603022239686001B626B /* MMLocationViewController.m */; };
		FA58E4922205490700B788F8 /* WKWebViewController.m in Sources */ = {isa = PBXBuildFile; fileRef = FA58E4912205490700B788F8 /* WKWebViewController.m */; };
		FA58E4AD2205784500B788F8 /* MineViewController.m in Sources */ = {isa = PBXBuildFile; fileRef = FA58E4A72205784400B788F8 /* MineViewController.m */; };
		FA58E4AE2205784500B788F8 /* DiscoverViewController.m in Sources */ = {isa = PBXBuildFile; fileRef = FA58E4AA2205784500B788F8 /* DiscoverViewController.m */; };
		FA58E4B722058AB500B788F8 /* NSString+Letter.m in Sources */ = {isa = PBXBuildFile; fileRef = FA58E4B622058AB500B788F8 /* NSString+Letter.m */; };
		FA58E4BA22058B0900B788F8 /* JPinYinUtil.m in Sources */ = {isa = PBXBuildFile; fileRef = FA58E4B922058B0900B788F8 /* JPinYinUtil.m */; };
		FA7A7601224B0B5200A1A483 /* MomentConstant.m in Sources */ = {isa = PBXBuildFile; fileRef = FA7A7600224B0B5200A1A483 /* MomentConstant.m */; };
		FA9597762249D425007CD252 /* UIScrollView+Category.m in Sources */ = {isa = PBXBuildFile; fileRef = FA9597752249D425007CD252 /* UIScrollView+Category.m */; };
		FAA79A012227DB00000716F8 /* ContactsViewController.m in Sources */ = {isa = PBXBuildFile; fileRef = FAA799FD2227DB00000716F8 /* ContactsViewController.m */; };
		FAA79A022227DB00000716F8 /* SearchResultViewController.m in Sources */ = {isa = PBXBuildFile; fileRef = FAA79A002227DB00000716F8 /* SearchResultViewController.m */; };
		FAA79A072227DB12000716F8 /* MessageViewController.m in Sources */ = {isa = PBXBuildFile; fileRef = FAA79A052227DB12000716F8 /* MessageViewController.m */; };
		FAA79A0A2227DB22000716F8 /* Message.m in Sources */ = {isa = PBXBuildFile; fileRef = FAA79A092227DB22000716F8 /* Message.m */; };
		FAA79A1F2227E14E000716F8 /* MUser.m in Sources */ = {isa = PBXBuildFile; fileRef = FAA79A1E2227E14E000716F8 /* MUser.m */; };
		FAA79A222227E159000716F8 /* MPicture.m in Sources */ = {isa = PBXBuildFile; fileRef = FAA79A212227E159000716F8 /* MPicture.m */; };
		FAAE6984220426FA005EFFAF /* JKDBHelper.m in Sources */ = {isa = PBXBuildFile; fileRef = FAAE6982220426FA005EFFAF /* JKDBHelper.m */; };
		FAAE6985220426FA005EFFAF /* JKDBModel.m in Sources */ = {isa = PBXBuildFile; fileRef = FAAE6983220426FA005EFFAF /* JKDBModel.m */; };
		FAAE698922043787005EFFAF /* MomentUtil.m in Sources */ = {isa = PBXBuildFile; fileRef = FAAE698822043787005EFFAF /* MomentUtil.m */; };
		FABE69D82248C21600E574D3 /* MMCommentInputView.m in Sources */ = {isa = PBXBuildFile; fileRef = FABE69D72248C21600E574D3 /* MMCommentInputView.m */; };
/* End PBXBuildFile section */

/* Begin PBXFileReference section */
		2A914DEBA05CE3BE1B2BF4BF /* Pods-MomentKit.release.xcconfig */ = {isa = PBXFileReference; includeInIndex = 1; lastKnownFileType = text.xcconfig; name = "Pods-MomentKit.release.xcconfig"; path = "Pods/Target Support Files/Pods-MomentKit/Pods-MomentKit.release.xcconfig"; sourceTree = "<group>"; };
		8B3BA0AB1FDFE1BF00407D25 /* MomentKit.app */ = {isa = PBXFileReference; explicitFileType = wrapper.application; includeInIndex = 0; path = MomentKit.app; sourceTree = BUILT_PRODUCTS_DIR; };
		8B3BA0AF1FDFE1BF00407D25 /* main.m */ = {isa = PBXFileReference; lastKnownFileType = sourcecode.c.objc; path = main.m; sourceTree = "<group>"; };
		8B3BA0B11FDFE1BF00407D25 /* AppDelegate.h */ = {isa = PBXFileReference; lastKnownFileType = sourcecode.c.h; path = AppDelegate.h; sourceTree = "<group>"; };
		8B3BA0B21FDFE1BF00407D25 /* AppDelegate.m */ = {isa = PBXFileReference; lastKnownFileType = sourcecode.c.objc; path = AppDelegate.m; sourceTree = "<group>"; };
		8B3BA0B81FDFE1BF00407D25 /* Base */ = {isa = PBXFileReference; lastKnownFileType = file.storyboard; name = Base; path = Base.lproj/Main.storyboard; sourceTree = "<group>"; };
		8B3BA0BA1FDFE1BF00407D25 /* Assets.xcassets */ = {isa = PBXFileReference; lastKnownFileType = folder.assetcatalog; path = Assets.xcassets; sourceTree = "<group>"; };
		8B3BA0BD1FDFE1BF00407D25 /* Base */ = {isa = PBXFileReference; lastKnownFileType = file.storyboard; name = Base; path = Base.lproj/LaunchScreen.storyboard; sourceTree = "<group>"; };
		8B3BA0BF1FDFE1BF00407D25 /* MomentKit-Info.plist */ = {isa = PBXFileReference; lastKnownFileType = text.plist.xml; path = "MomentKit-Info.plist"; sourceTree = "<group>"; };
		8B3BA1151FDFE63A00407D25 /* UIView+Geometry.h */ = {isa = PBXFileReference; fileEncoding = 4; lastKnownFileType = sourcecode.c.h; path = "UIView+Geometry.h"; sourceTree = "<group>"; };
		8B3BA1161FDFE63A00407D25 /* UIView+Geometry.m */ = {isa = PBXFileReference; fileEncoding = 4; lastKnownFileType = sourcecode.c.objc; path = "UIView+Geometry.m"; sourceTree = "<group>"; };
		8B3BA1331FDFE72300407D25 /* MainViewController.h */ = {isa = PBXFileReference; fileEncoding = 4; lastKnownFileType = sourcecode.c.h; path = MainViewController.h; sourceTree = "<group>"; };
		8B3BA1341FDFE72300407D25 /* MainViewController.m */ = {isa = PBXFileReference; fileEncoding = 4; lastKnownFileType = sourcecode.c.objc; path = MainViewController.m; sourceTree = "<group>"; };
		8B3BA13D1FDFE91400407D25 /* MomentViewController.h */ = {isa = PBXFileReference; fileEncoding = 4; lastKnownFileType = sourcecode.c.h; path = MomentViewController.h; sourceTree = "<group>"; };
		8B3BA13E1FDFE91400407D25 /* MomentViewController.m */ = {isa = PBXFileReference; fileEncoding = 4; lastKnownFileType = sourcecode.c.objc; path = MomentViewController.m; sourceTree = "<group>"; };
		8B3BA1401FDFE91400407D25 /* Comment.h */ = {isa = PBXFileReference; fileEncoding = 4; lastKnownFileType = sourcecode.c.h; path = Comment.h; sourceTree = "<group>"; };
		8B3BA1411FDFE91400407D25 /* Comment.m */ = {isa = PBXFileReference; fileEncoding = 4; lastKnownFileType = sourcecode.c.objc; path = Comment.m; sourceTree = "<group>"; };
		8B3BA1421FDFE91400407D25 /* Moment.h */ = {isa = PBXFileReference; fileEncoding = 4; lastKnownFileType = sourcecode.c.h; path = Moment.h; sourceTree = "<group>"; };
		8B3BA1431FDFE91400407D25 /* Moment.m */ = {isa = PBXFileReference; fileEncoding = 4; lastKnownFileType = sourcecode.c.objc; path = Moment.m; sourceTree = "<group>"; };
		8B3BA16B1FDFEA2400407D25 /* MomentKit-Prefix.pch */ = {isa = PBXFileReference; lastKnownFileType = sourcecode.c.h; path = "MomentKit-Prefix.pch"; sourceTree = "<group>"; };
		8B3BA16C1FDFEAFD00407D25 /* Utility.h */ = {isa = PBXFileReference; fileEncoding = 4; lastKnownFileType = sourcecode.c.h; path = Utility.h; sourceTree = "<group>"; };
		8B3BA16D1FDFEAFD00407D25 /* Utility.m */ = {isa = PBXFileReference; fileEncoding = 4; lastKnownFileType = sourcecode.c.objc; path = Utility.m; sourceTree = "<group>"; };
		8BD194111FE105AE00062E0A /* MLLabelUtil.h */ = {isa = PBXFileReference; fileEncoding = 4; lastKnownFileType = sourcecode.c.h; path = MLLabelUtil.h; sourceTree = "<group>"; };
		8BD194121FE105AE00062E0A /* MLLabelUtil.m */ = {isa = PBXFileReference; fileEncoding = 4; lastKnownFileType = sourcecode.c.objc; path = MLLabelUtil.m; sourceTree = "<group>"; };
		8BE52D131FE35CC200B305C2 /* MMOperateMenuView.h */ = {isa = PBXFileReference; fileEncoding = 4; lastKnownFileType = sourcecode.c.h; path = MMOperateMenuView.h; sourceTree = "<group>"; };
		8BE52D141FE35CC200B305C2 /* MMOperateMenuView.m */ = {isa = PBXFileReference; fileEncoding = 4; lastKnownFileType = sourcecode.c.objc; path = MMOperateMenuView.m; sourceTree = "<group>"; };
		8BF765741FE2270C0064EC94 /* MomentCell.h */ = {isa = PBXFileReference; fileEncoding = 4; lastKnownFileType = sourcecode.c.h; path = MomentCell.h; sourceTree = "<group>"; };
		8BF765751FE2270C0064EC94 /* MomentCell.m */ = {isa = PBXFileReference; fileEncoding = 4; lastKnownFileType = sourcecode.c.objc; path = MomentCell.m; sourceTree = "<group>"; };
		8BF765771FE2272A0064EC94 /* MMImageListView.h */ = {isa = PBXFileReference; fileEncoding = 4; lastKnownFileType = sourcecode.c.h; path = MMImageListView.h; sourceTree = "<group>"; };
		8BF765781FE2272A0064EC94 /* MMImageListView.m */ = {isa = PBXFileReference; fileEncoding = 4; lastKnownFileType = sourcecode.c.objc; path = MMImageListView.m; sourceTree = "<group>"; };
		8BF7657A1FE227450064EC94 /* MMImagePreviewView.h */ = {isa = PBXFileReference; fileEncoding = 4; lastKnownFileType = sourcecode.c.h; path = MMImagePreviewView.h; sourceTree = "<group>"; };
		8BF7657B1FE227450064EC94 /* MMImagePreviewView.m */ = {isa = PBXFileReference; fileEncoding = 4; lastKnownFileType = sourcecode.c.objc; path = MMImagePreviewView.m; sourceTree = "<group>"; };
		982B6162EEA9642E2354D7BD /* libPods-MomentKit.a */ = {isa = PBXFileReference; explicitFileType = archive.ar; includeInIndex = 0; path = "libPods-MomentKit.a"; sourceTree = BUILT_PRODUCTS_DIR; };
		9BB5E3DF6E7A80D531DC9322 /* Pods-MomentKit.debug.xcconfig */ = {isa = PBXFileReference; includeInIndex = 1; lastKnownFileType = text.xcconfig; name = "Pods-MomentKit.debug.xcconfig"; path = "Pods/Target Support Files/Pods-MomentKit/Pods-MomentKit.debug.xcconfig"; sourceTree = "<group>"; };
		FA15602F22239686001B626B /* MMLocationViewController.h */ = {isa = PBXFileReference; lastKnownFileType = sourcecode.c.h; path = MMLocationViewController.h; sourceTree = "<group>"; };
		FA15603022239686001B626B /* MMLocationViewController.m */ = {isa = PBXFileReference; lastKnownFileType = sourcecode.c.objc; path = MMLocationViewController.m; sourceTree = "<group>"; };
		FA58E4902205490700B788F8 /* WKWebViewController.h */ = {isa = PBXFileReference; lastKnownFileType = sourcecode.c.h; path = WKWebViewController.h; sourceTree = "<group>"; };
		FA58E4912205490700B788F8 /* WKWebViewController.m */ = {isa = PBXFileReference; lastKnownFileType = sourcecode.c.objc; path = WKWebViewController.m; sourceTree = "<group>"; };
		FA58E4A62205784400B788F8 /* MineViewController.h */ = {isa = PBXFileReference; fileEncoding = 4; lastKnownFileType = sourcecode.c.h; path = MineViewController.h; sourceTree = "<group>"; };
		FA58E4A72205784400B788F8 /* MineViewController.m */ = {isa = PBXFileReference; fileEncoding = 4; lastKnownFileType = sourcecode.c.objc; path = MineViewController.m; sourceTree = "<group>"; };
		FA58E4A92205784500B788F8 /* DiscoverViewController.h */ = {isa = PBXFileReference; fileEncoding = 4; lastKnownFileType = sourcecode.c.h; path = DiscoverViewController.h; sourceTree = "<group>"; };
		FA58E4AA2205784500B788F8 /* DiscoverViewController.m */ = {isa = PBXFileReference; fileEncoding = 4; lastKnownFileType = sourcecode.c.objc; path = DiscoverViewController.m; sourceTree = "<group>"; };
		FA58E4B522058AB500B788F8 /* NSString+Letter.h */ = {isa = PBXFileReference; lastKnownFileType = sourcecode.c.h; path = "NSString+Letter.h"; sourceTree = "<group>"; };
		FA58E4B622058AB500B788F8 /* NSString+Letter.m */ = {isa = PBXFileReference; lastKnownFileType = sourcecode.c.objc; path = "NSString+Letter.m"; sourceTree = "<group>"; };
		FA58E4B822058B0900B788F8 /* JPinYinUtil.h */ = {isa = PBXFileReference; fileEncoding = 4; lastKnownFileType = sourcecode.c.h; path = JPinYinUtil.h; sourceTree = "<group>"; };
		FA58E4B922058B0900B788F8 /* JPinYinUtil.m */ = {isa = PBXFileReference; fileEncoding = 4; lastKnownFileType = sourcecode.c.objc; path = JPinYinUtil.m; sourceTree = "<group>"; };
		FA7A75FA224B089E00A1A483 /* MomentMacros.h */ = {isa = PBXFileReference; lastKnownFileType = sourcecode.c.h; path = MomentMacros.h; sourceTree = "<group>"; };
		FA7A75FF224B0B5200A1A483 /* MomentConstant.h */ = {isa = PBXFileReference; lastKnownFileType = sourcecode.c.h; path = MomentConstant.h; sourceTree = "<group>"; };
		FA7A7600224B0B5200A1A483 /* MomentConstant.m */ = {isa = PBXFileReference; lastKnownFileType = sourcecode.c.objc; path = MomentConstant.m; sourceTree = "<group>"; };
		FA9597742249D425007CD252 /* UIScrollView+Category.h */ = {isa = PBXFileReference; lastKnownFileType = sourcecode.c.h; path = "UIScrollView+Category.h"; sourceTree = "<group>"; };
		FA9597752249D425007CD252 /* UIScrollView+Category.m */ = {isa = PBXFileReference; lastKnownFileType = sourcecode.c.objc; path = "UIScrollView+Category.m"; sourceTree = "<group>"; };
		FAA799FD2227DB00000716F8 /* ContactsViewController.m */ = {isa = PBXFileReference; fileEncoding = 4; lastKnownFileType = sourcecode.c.objc; path = ContactsViewController.m; sourceTree = "<group>"; };
		FAA799FE2227DB00000716F8 /* SearchResultViewController.h */ = {isa = PBXFileReference; fileEncoding = 4; lastKnownFileType = sourcecode.c.h; path = SearchResultViewController.h; sourceTree = "<group>"; };
		FAA799FF2227DB00000716F8 /* ContactsViewController.h */ = {isa = PBXFileReference; fileEncoding = 4; lastKnownFileType = sourcecode.c.h; path = ContactsViewController.h; sourceTree = "<group>"; };
		FAA79A002227DB00000716F8 /* SearchResultViewController.m */ = {isa = PBXFileReference; fileEncoding = 4; lastKnownFileType = sourcecode.c.objc; path = SearchResultViewController.m; sourceTree = "<group>"; };
		FAA79A052227DB12000716F8 /* MessageViewController.m */ = {isa = PBXFileReference; fileEncoding = 4; lastKnownFileType = sourcecode.c.objc; path = MessageViewController.m; sourceTree = "<group>"; };
		FAA79A062227DB12000716F8 /* MessageViewController.h */ = {isa = PBXFileReference; fileEncoding = 4; lastKnownFileType = sourcecode.c.h; path = MessageViewController.h; sourceTree = "<group>"; };
		FAA79A082227DB22000716F8 /* Message.h */ = {isa = PBXFileReference; lastKnownFileType = sourcecode.c.h; path = Message.h; sourceTree = "<group>"; };
		FAA79A092227DB22000716F8 /* Message.m */ = {isa = PBXFileReference; lastKnownFileType = sourcecode.c.objc; path = Message.m; sourceTree = "<group>"; };
		FAA79A1D2227E14E000716F8 /* MUser.h */ = {isa = PBXFileReference; lastKnownFileType = sourcecode.c.h; path = MUser.h; sourceTree = "<group>"; };
		FAA79A1E2227E14E000716F8 /* MUser.m */ = {isa = PBXFileReference; lastKnownFileType = sourcecode.c.objc; path = MUser.m; sourceTree = "<group>"; };
		FAA79A202227E159000716F8 /* MPicture.h */ = {isa = PBXFileReference; lastKnownFileType = sourcecode.c.h; path = MPicture.h; sourceTree = "<group>"; };
		FAA79A212227E159000716F8 /* MPicture.m */ = {isa = PBXFileReference; lastKnownFileType = sourcecode.c.objc; path = MPicture.m; sourceTree = "<group>"; };
		FAAE6980220426FA005EFFAF /* JKDBModel.h */ = {isa = PBXFileReference; fileEncoding = 4; lastKnownFileType = sourcecode.c.h; path = JKDBModel.h; sourceTree = "<group>"; };
		FAAE6981220426FA005EFFAF /* JKDBHelper.h */ = {isa = PBXFileReference; fileEncoding = 4; lastKnownFileType = sourcecode.c.h; path = JKDBHelper.h; sourceTree = "<group>"; };
		FAAE6982220426FA005EFFAF /* JKDBHelper.m */ = {isa = PBXFileReference; fileEncoding = 4; lastKnownFileType = sourcecode.c.objc; path = JKDBHelper.m; sourceTree = "<group>"; };
		FAAE6983220426FA005EFFAF /* JKDBModel.m */ = {isa = PBXFileReference; fileEncoding = 4; lastKnownFileType = sourcecode.c.objc; path = JKDBModel.m; sourceTree = "<group>"; };
		FAAE698722043787005EFFAF /* MomentUtil.h */ = {isa = PBXFileReference; lastKnownFileType = sourcecode.c.h; path = MomentUtil.h; sourceTree = "<group>"; };
		FAAE698822043787005EFFAF /* MomentUtil.m */ = {isa = PBXFileReference; lastKnownFileType = sourcecode.c.objc; path = MomentUtil.m; sourceTree = "<group>"; };
		FABE69D62248C21600E574D3 /* MMCommentInputView.h */ = {isa = PBXFileReference; lastKnownFileType = sourcecode.c.h; path = MMCommentInputView.h; sourceTree = "<group>"; };
		FABE69D72248C21600E574D3 /* MMCommentInputView.m */ = {isa = PBXFileReference; lastKnownFileType = sourcecode.c.objc; path = MMCommentInputView.m; sourceTree = "<group>"; };
/* End PBXFileReference section */

/* Begin PBXFrameworksBuildPhase section */
		8B3BA0A81FDFE1BF00407D25 /* Frameworks */ = {
			isa = PBXFrameworksBuildPhase;
			buildActionMask = 2147483647;
			files = (
				535C20E17AD05A5D54A46E71 /* libPods-MomentKit.a in Frameworks */,
			);
			runOnlyForDeploymentPostprocessing = 0;
		};
/* End PBXFrameworksBuildPhase section */

/* Begin PBXGroup section */
		8B3BA0A21FDFE1BF00407D25 = {
			isa = PBXGroup;
			children = (
				8B3BA0AD1FDFE1BF00407D25 /* MomentKit */,
				8B3BA0AC1FDFE1BF00407D25 /* Products */,
				B1788B226E12CEA7D71FDA9E /* Pods */,
				EB06520EAB5DEC9FFA138474 /* Frameworks */,
			);
			sourceTree = "<group>";
		};
		8B3BA0AC1FDFE1BF00407D25 /* Products */ = {
			isa = PBXGroup;
			children = (
				8B3BA0AB1FDFE1BF00407D25 /* MomentKit.app */,
			);
			name = Products;
			sourceTree = "<group>";
		};
		8B3BA0AD1FDFE1BF00407D25 /* MomentKit */ = {
			isa = PBXGroup;
			children = (
				8B3BA1141FDFE62600407D25 /* Utility */,
				8B3BA1131FDFE62600407D25 /* Classes */,
				8B3BA0B11FDFE1BF00407D25 /* AppDelegate.h */,
				8B3BA0B21FDFE1BF00407D25 /* AppDelegate.m */,
				8B3BA0AE1FDFE1BF00407D25 /* Supporting Files */,
			);
			path = MomentKit;
			sourceTree = "<group>";
		};
		8B3BA0AE1FDFE1BF00407D25 /* Supporting Files */ = {
			isa = PBXGroup;
			children = (
				8B3BA0B71FDFE1BF00407D25 /* Main.storyboard */,
				8B3BA0BA1FDFE1BF00407D25 /* Assets.xcassets */,
				8B3BA0BC1FDFE1BF00407D25 /* LaunchScreen.storyboard */,
				8B3BA0BF1FDFE1BF00407D25 /* MomentKit-Info.plist */,
				8B3BA16B1FDFEA2400407D25 /* MomentKit-Prefix.pch */,
				8B3BA0AF1FDFE1BF00407D25 /* main.m */,
			);
			name = "Supporting Files";
			sourceTree = "<group>";
		};
		8B3BA1131FDFE62600407D25 /* Classes */ = {
			isa = PBXGroup;
			children = (
				8B3BA1331FDFE72300407D25 /* MainViewController.h */,
				8B3BA1341FDFE72300407D25 /* MainViewController.m */,
				FA58E4A22205784400B788F8 /* Message */,
				FA15601C22238249001B626B /* Contacts */,
				FA58E4A82205784500B788F8 /* Discover */,
				FA58E4A52205784400B788F8 /* Mine */,
			);
			path = Classes;
			sourceTree = "<group>";
		};
		8B3BA1141FDFE62600407D25 /* Utility */ = {
			isa = PBXGroup;
			children = (
				FAAE697F220426EE005EFFAF /* JKDBModel */,
				8B3BA16C1FDFEAFD00407D25 /* Utility.h */,
				8B3BA16D1FDFEAFD00407D25 /* Utility.m */,
				8B3BA1151FDFE63A00407D25 /* UIView+Geometry.h */,
				8B3BA1161FDFE63A00407D25 /* UIView+Geometry.m */,
				FA9597742249D425007CD252 /* UIScrollView+Category.h */,
				FA9597752249D425007CD252 /* UIScrollView+Category.m */,
				FA58E4B522058AB500B788F8 /* NSString+Letter.h */,
				FA58E4B622058AB500B788F8 /* NSString+Letter.m */,
				FA58E4B822058B0900B788F8 /* JPinYinUtil.h */,
				FA58E4B922058B0900B788F8 /* JPinYinUtil.m */,
			);
			path = Utility;
			sourceTree = "<group>";
		};
		8B3BA13B1FDFE91400407D25 /* Moment */ = {
			isa = PBXGroup;
			children = (
				8B3BA13C1FDFE91400407D25 /* Controller */,
				8B3BA13F1FDFE91400407D25 /* Model */,
				8B3BA1441FDFE91400407D25 /* View */,
				FAAE69862204376A005EFFAF /* Utils */,
			);
			path = Moment;
			sourceTree = "<group>";
		};
		8B3BA13C1FDFE91400407D25 /* Controller */ = {
			isa = PBXGroup;
			children = (
				8B3BA13D1FDFE91400407D25 /* MomentViewController.h */,
				8B3BA13E1FDFE91400407D25 /* MomentViewController.m */,
				FA58E4902205490700B788F8 /* WKWebViewController.h */,
				FA58E4912205490700B788F8 /* WKWebViewController.m */,
				FA15602F22239686001B626B /* MMLocationViewController.h */,
				FA15603022239686001B626B /* MMLocationViewController.m */,
			);
			path = Controller;
			sourceTree = "<group>";
		};
		8B3BA13F1FDFE91400407D25 /* Model */ = {
			isa = PBXGroup;
			children = (
				8B3BA1421FDFE91400407D25 /* Moment.h */,
				8B3BA1431FDFE91400407D25 /* Moment.m */,
				8B3BA1401FDFE91400407D25 /* Comment.h */,
				8B3BA1411FDFE91400407D25 /* Comment.m */,
				FAA79A1D2227E14E000716F8 /* MUser.h */,
				FAA79A1E2227E14E000716F8 /* MUser.m */,
				FAA79A202227E159000716F8 /* MPicture.h */,
				FAA79A212227E159000716F8 /* MPicture.m */,
			);
			path = Model;
			sourceTree = "<group>";
		};
		8B3BA1441FDFE91400407D25 /* View */ = {
			isa = PBXGroup;
			children = (
				8BF765741FE2270C0064EC94 /* MomentCell.h */,
				8BF765751FE2270C0064EC94 /* MomentCell.m */,
				8BF765771FE2272A0064EC94 /* MMImageListView.h */,
				8BF765781FE2272A0064EC94 /* MMImageListView.m */,
				8BF7657A1FE227450064EC94 /* MMImagePreviewView.h */,
				8BF7657B1FE227450064EC94 /* MMImagePreviewView.m */,
				8BE52D131FE35CC200B305C2 /* MMOperateMenuView.h */,
				8BE52D141FE35CC200B305C2 /* MMOperateMenuView.m */,
				FABE69D62248C21600E574D3 /* MMCommentInputView.h */,
				FABE69D72248C21600E574D3 /* MMCommentInputView.m */,
			);
			path = View;
			sourceTree = "<group>";
		};
		B1788B226E12CEA7D71FDA9E /* Pods */ = {
			isa = PBXGroup;
			children = (
				9BB5E3DF6E7A80D531DC9322 /* Pods-MomentKit.debug.xcconfig */,
				2A914DEBA05CE3BE1B2BF4BF /* Pods-MomentKit.release.xcconfig */,
			);
			name = Pods;
			sourceTree = "<group>";
		};
		EB06520EAB5DEC9FFA138474 /* Frameworks */ = {
			isa = PBXGroup;
			children = (
				982B6162EEA9642E2354D7BD /* libPods-MomentKit.a */,
			);
			name = Frameworks;
			sourceTree = "<group>";
		};
		FA15601C22238249001B626B /* Contacts */ = {
			isa = PBXGroup;
			children = (
				FAA799FF2227DB00000716F8 /* ContactsViewController.h */,
				FAA799FD2227DB00000716F8 /* ContactsViewController.m */,
				FAA799FE2227DB00000716F8 /* SearchResultViewController.h */,
				FAA79A002227DB00000716F8 /* SearchResultViewController.m */,
			);
			path = Contacts;
			sourceTree = "<group>";
		};
		FA58E4A22205784400B788F8 /* Message */ = {
			isa = PBXGroup;
			children = (
				FAA79A042227DB12000716F8 /* Controller */,
				FAA79A032227DB12000716F8 /* Model */,
			);
			path = Message;
			sourceTree = "<group>";
		};
		FA58E4A52205784400B788F8 /* Mine */ = {
			isa = PBXGroup;
			children = (
				FA58E4A62205784400B788F8 /* MineViewController.h */,
				FA58E4A72205784400B788F8 /* MineViewController.m */,
			);
			path = Mine;
			sourceTree = "<group>";
		};
		FA58E4A82205784500B788F8 /* Discover */ = {
			isa = PBXGroup;
			children = (
				FA58E4A92205784500B788F8 /* DiscoverViewController.h */,
				FA58E4AA2205784500B788F8 /* DiscoverViewController.m */,
				8B3BA13B1FDFE91400407D25 /* Moment */,
			);
			path = Discover;
			sourceTree = "<group>";
		};
		FAA79A032227DB12000716F8 /* Model */ = {
			isa = PBXGroup;
			children = (
				FAA79A082227DB22000716F8 /* Message.h */,
				FAA79A092227DB22000716F8 /* Message.m */,
			);
			path = Model;
			sourceTree = "<group>";
		};
		FAA79A042227DB12000716F8 /* Controller */ = {
			isa = PBXGroup;
			children = (
				FAA79A062227DB12000716F8 /* MessageViewController.h */,
				FAA79A052227DB12000716F8 /* MessageViewController.m */,
			);
			path = Controller;
			sourceTree = "<group>";
		};
		FAAE697F220426EE005EFFAF /* JKDBModel */ = {
			isa = PBXGroup;
			children = (
				FAAE6981220426FA005EFFAF /* JKDBHelper.h */,
				FAAE6982220426FA005EFFAF /* JKDBHelper.m */,
				FAAE6980220426FA005EFFAF /* JKDBModel.h */,
				FAAE6983220426FA005EFFAF /* JKDBModel.m */,
			);
			path = JKDBModel;
			sourceTree = "<group>";
		};
		FAAE69862204376A005EFFAF /* Utils */ = {
			isa = PBXGroup;
			children = (
				FA7A75FA224B089E00A1A483 /* MomentMacros.h */,
				FA7A75FF224B0B5200A1A483 /* MomentConstant.h */,
				FA7A7600224B0B5200A1A483 /* MomentConstant.m */,
				8BD194111FE105AE00062E0A /* MLLabelUtil.h */,
				8BD194121FE105AE00062E0A /* MLLabelUtil.m */,
				FAAE698722043787005EFFAF /* MomentUtil.h */,
				FAAE698822043787005EFFAF /* MomentUtil.m */,
			);
			path = Utils;
			sourceTree = "<group>";
		};
/* End PBXGroup section */

/* Begin PBXNativeTarget section */
		8B3BA0AA1FDFE1BF00407D25 /* MomentKit */ = {
			isa = PBXNativeTarget;
			buildConfigurationList = 8B3BA0C21FDFE1BF00407D25 /* Build configuration list for PBXNativeTarget "MomentKit" */;
			buildPhases = (
				1DB27A54D29708172170C518 /* [CP] Check Pods Manifest.lock */,
				8B3BA0A71FDFE1BF00407D25 /* Sources */,
				8B3BA0A81FDFE1BF00407D25 /* Frameworks */,
				8B3BA0A91FDFE1BF00407D25 /* Resources */,
				5516B2761DE141263583EE32 /* [CP] Copy Pods Resources */,
			);
			buildRules = (
			);
			dependencies = (
			);
			name = MomentKit;
			productName = MomentKit;
			productReference = 8B3BA0AB1FDFE1BF00407D25 /* MomentKit.app */;
			productType = "com.apple.product-type.application";
		};
/* End PBXNativeTarget section */

/* Begin PBXProject section */
		8B3BA0A31FDFE1BF00407D25 /* Project object */ = {
			isa = PBXProject;
			attributes = {
				LastUpgradeCheck = 0830;
				ORGANIZATIONNAME = LEA;
				TargetAttributes = {
					8B3BA0AA1FDFE1BF00407D25 = {
						CreatedOnToolsVersion = 8.3.3;
						DevelopmentTeam = GRSZLFFNPH;
						ProvisioningStyle = Automatic;
					};
				};
			};
			buildConfigurationList = 8B3BA0A61FDFE1BF00407D25 /* Build configuration list for PBXProject "MomentKit" */;
			compatibilityVersion = "Xcode 3.2";
			developmentRegion = English;
			hasScannedForEncodings = 0;
			knownRegions = (
				en,
				Base,
			);
			mainGroup = 8B3BA0A21FDFE1BF00407D25;
			productRefGroup = 8B3BA0AC1FDFE1BF00407D25 /* Products */;
			projectDirPath = "";
			projectRoot = "";
			targets = (
				8B3BA0AA1FDFE1BF00407D25 /* MomentKit */,
			);
		};
/* End PBXProject section */

/* Begin PBXResourcesBuildPhase section */
		8B3BA0A91FDFE1BF00407D25 /* Resources */ = {
			isa = PBXResourcesBuildPhase;
			buildActionMask = 2147483647;
			files = (
				8B3BA0BE1FDFE1BF00407D25 /* LaunchScreen.storyboard in Resources */,
				8B3BA0BB1FDFE1BF00407D25 /* Assets.xcassets in Resources */,
				8B3BA0B91FDFE1BF00407D25 /* Main.storyboard in Resources */,
			);
			runOnlyForDeploymentPostprocessing = 0;
		};
/* End PBXResourcesBuildPhase section */

/* Begin PBXShellScriptBuildPhase section */
		1DB27A54D29708172170C518 /* [CP] Check Pods Manifest.lock */ = {
			isa = PBXShellScriptBuildPhase;
			buildActionMask = 2147483647;
			files = (
			);
			inputPaths = (
				"${PODS_PODFILE_DIR_PATH}/Podfile.lock",
				"${PODS_ROOT}/Manifest.lock",
			);
			name = "[CP] Check Pods Manifest.lock";
			outputPaths = (
				"$(DERIVED_FILE_DIR)/Pods-MomentKit-checkManifestLockResult.txt",
			);
			runOnlyForDeploymentPostprocessing = 0;
			shellPath = /bin/sh;
			shellScript = "diff \"${PODS_PODFILE_DIR_PATH}/Podfile.lock\" \"${PODS_ROOT}/Manifest.lock\" > /dev/null\nif [ $? != 0 ] ; then\n    # print error to STDERR\n    echo \"error: The sandbox is not in sync with the Podfile.lock. Run 'pod install' or update your CocoaPods installation.\" >&2\n    exit 1\nfi\n# This output is used by Xcode 'outputs' to avoid re-running this script phase.\necho \"SUCCESS\" > \"${SCRIPT_OUTPUT_FILE_0}\"\n";
			showEnvVarsInLog = 0;
		};
		5516B2761DE141263583EE32 /* [CP] Copy Pods Resources */ = {
			isa = PBXShellScriptBuildPhase;
			buildActionMask = 2147483647;
			files = (
			);
			inputPaths = (
				"${PODS_ROOT}/Target Support Files/Pods-MomentKit/Pods-MomentKit-resources.sh",
				"${PODS_ROOT}/AMap3DMap/MAMapKit.framework/AMap.bundle",
				"${PODS_ROOT}/MJRefresh/MJRefresh/MJRefresh.bundle",
			);
			name = "[CP] Copy Pods Resources";
			outputPaths = (
				"${TARGET_BUILD_DIR}/${UNLOCALIZED_RESOURCES_FOLDER_PATH}/AMap.bundle",
				"${TARGET_BUILD_DIR}/${UNLOCALIZED_RESOURCES_FOLDER_PATH}/MJRefresh.bundle",
			);
			runOnlyForDeploymentPostprocessing = 0;
			shellPath = /bin/sh;
			shellScript = "\"${PODS_ROOT}/Target Support Files/Pods-MomentKit/Pods-MomentKit-resources.sh\"\n";
			showEnvVarsInLog = 0;
		};
/* End PBXShellScriptBuildPhase section */

/* Begin PBXSourcesBuildPhase section */
		8B3BA0A71FDFE1BF00407D25 /* Sources */ = {
			isa = PBXSourcesBuildPhase;
			buildActionMask = 2147483647;
			files = (
				8B3BA1171FDFE63A00407D25 /* UIView+Geometry.m in Sources */,
				FA9597762249D425007CD252 /* UIScrollView+Category.m in Sources */,
				FAA79A072227DB12000716F8 /* MessageViewController.m in Sources */,
				8BD194131FE105AE00062E0A /* MLLabelUtil.m in Sources */,
				FAAE6985220426FA005EFFAF /* JKDBModel.m in Sources */,
				FAAE6984220426FA005EFFAF /* JKDBHelper.m in Sources */,
				8B3BA16E1FDFEAFD00407D25 /* Utility.m in Sources */,
				FAA79A222227E159000716F8 /* MPicture.m in Sources */,
				FAAE698922043787005EFFAF /* MomentUtil.m in Sources */,
				FAA79A012227DB00000716F8 /* ContactsViewController.m in Sources */,
				8B3BA1581FDFE91400407D25 /* MomentViewController.m in Sources */,
				FA58E4AD2205784500B788F8 /* MineViewController.m in Sources */,
				8BF765791FE2272A0064EC94 /* MMImageListView.m in Sources */,
				8B3BA0B31FDFE1BF00407D25 /* AppDelegate.m in Sources */,
				8B3BA15A1FDFE91400407D25 /* Moment.m in Sources */,
				FA58E4922205490700B788F8 /* WKWebViewController.m in Sources */,
				8BF7657C1FE227450064EC94 /* MMImagePreviewView.m in Sources */,
				FAA79A0A2227DB22000716F8 /* Message.m in Sources */,
				FA58E4BA22058B0900B788F8 /* JPinYinUtil.m in Sources */,
				FABE69D82248C21600E574D3 /* MMCommentInputView.m in Sources */,
				8B3BA1351FDFE72300407D25 /* MainViewController.m in Sources */,
				FAA79A1F2227E14E000716F8 /* MUser.m in Sources */,
				FA58E4AE2205784500B788F8 /* DiscoverViewController.m in Sources */,
				8BE52D151FE35CC200B305C2 /* MMOperateMenuView.m in Sources */,
				8B3BA0B01FDFE1BF00407D25 /* main.m in Sources */,
				FAA79A022227DB00000716F8 /* SearchResultViewController.m in Sources */,
				8B3BA1591FDFE91400407D25 /* Comment.m in Sources */,
				FA15603122239686001B626B /* MMLocationViewController.m in Sources */,
				FA7A7601224B0B5200A1A483 /* MomentConstant.m in Sources */,
				8BF765761FE2270C0064EC94 /* MomentCell.m in Sources */,
				FA58E4B722058AB500B788F8 /* NSString+Letter.m in Sources */,
			);
			runOnlyForDeploymentPostprocessing = 0;
		};
/* End PBXSourcesBuildPhase section */

/* Begin PBXVariantGroup section */
		8B3BA0B71FDFE1BF00407D25 /* Main.storyboard */ = {
			isa = PBXVariantGroup;
			children = (
				8B3BA0B81FDFE1BF00407D25 /* Base */,
			);
			name = Main.storyboard;
			sourceTree = "<group>";
		};
		8B3BA0BC1FDFE1BF00407D25 /* LaunchScreen.storyboard */ = {
			isa = PBXVariantGroup;
			children = (
				8B3BA0BD1FDFE1BF00407D25 /* Base */,
			);
			name = LaunchScreen.storyboard;
			sourceTree = "<group>";
		};
/* End PBXVariantGroup section */

/* Begin XCBuildConfiguration section */
		8B3BA0C01FDFE1BF00407D25 /* Debug */ = {
			isa = XCBuildConfiguration;
			buildSettings = {
				ALWAYS_SEARCH_USER_PATHS = NO;
				CLANG_ANALYZER_NONNULL = YES;
				CLANG_ANALYZER_NUMBER_OBJECT_CONVERSION = YES_AGGRESSIVE;
				CLANG_CXX_LANGUAGE_STANDARD = "gnu++0x";
				CLANG_CXX_LIBRARY = "libc++";
				CLANG_ENABLE_MODULES = YES;
				CLANG_ENABLE_OBJC_ARC = YES;
				CLANG_WARN_BOOL_CONVERSION = YES;
				CLANG_WARN_CONSTANT_CONVERSION = YES;
				CLANG_WARN_DIRECT_OBJC_ISA_USAGE = YES_ERROR;
				CLANG_WARN_DOCUMENTATION_COMMENTS = YES;
				CLANG_WARN_EMPTY_BODY = YES;
				CLANG_WARN_ENUM_CONVERSION = YES;
				CLANG_WARN_INFINITE_RECURSION = YES;
				CLANG_WARN_INT_CONVERSION = YES;
				CLANG_WARN_OBJC_ROOT_CLASS = YES_ERROR;
				CLANG_WARN_SUSPICIOUS_MOVE = YES;
				CLANG_WARN_UNREACHABLE_CODE = YES;
				CLANG_WARN__DUPLICATE_METHOD_MATCH = YES;
				"CODE_SIGN_IDENTITY[sdk=iphoneos*]" = "iPhone Developer";
				COPY_PHASE_STRIP = NO;
				DEBUG_INFORMATION_FORMAT = dwarf;
				ENABLE_STRICT_OBJC_MSGSEND = YES;
				ENABLE_TESTABILITY = YES;
				GCC_C_LANGUAGE_STANDARD = gnu99;
				GCC_DYNAMIC_NO_PIC = NO;
				GCC_NO_COMMON_BLOCKS = YES;
				GCC_OPTIMIZATION_LEVEL = 0;
				GCC_PREPROCESSOR_DEFINITIONS = (
					"DEBUG=1",
					"$(inherited)",
				);
				GCC_WARN_64_TO_32_BIT_CONVERSION = YES;
				GCC_WARN_ABOUT_RETURN_TYPE = YES_ERROR;
				GCC_WARN_UNDECLARED_SELECTOR = YES;
				GCC_WARN_UNINITIALIZED_AUTOS = YES_AGGRESSIVE;
				GCC_WARN_UNUSED_FUNCTION = YES;
				GCC_WARN_UNUSED_VARIABLE = YES;
				IPHONEOS_DEPLOYMENT_TARGET = 8.0;
				MTL_ENABLE_DEBUG_INFO = YES;
				ONLY_ACTIVE_ARCH = YES;
				SDKROOT = iphoneos;
			};
			name = Debug;
		};
		8B3BA0C11FDFE1BF00407D25 /* Release */ = {
			isa = XCBuildConfiguration;
			buildSettings = {
				ALWAYS_SEARCH_USER_PATHS = NO;
				CLANG_ANALYZER_NONNULL = YES;
				CLANG_ANALYZER_NUMBER_OBJECT_CONVERSION = YES_AGGRESSIVE;
				CLANG_CXX_LANGUAGE_STANDARD = "gnu++0x";
				CLANG_CXX_LIBRARY = "libc++";
				CLANG_ENABLE_MODULES = YES;
				CLANG_ENABLE_OBJC_ARC = YES;
				CLANG_WARN_BOOL_CONVERSION = YES;
				CLANG_WARN_CONSTANT_CONVERSION = YES;
				CLANG_WARN_DIRECT_OBJC_ISA_USAGE = YES_ERROR;
				CLANG_WARN_DOCUMENTATION_COMMENTS = YES;
				CLANG_WARN_EMPTY_BODY = YES;
				CLANG_WARN_ENUM_CONVERSION = YES;
				CLANG_WARN_INFINITE_RECURSION = YES;
				CLANG_WARN_INT_CONVERSION = YES;
				CLANG_WARN_OBJC_ROOT_CLASS = YES_ERROR;
				CLANG_WARN_SUSPICIOUS_MOVE = YES;
				CLANG_WARN_UNREACHABLE_CODE = YES;
				CLANG_WARN__DUPLICATE_METHOD_MATCH = YES;
				"CODE_SIGN_IDENTITY[sdk=iphoneos*]" = "iPhone Developer";
				COPY_PHASE_STRIP = NO;
				DEBUG_INFORMATION_FORMAT = "dwarf-with-dsym";
				ENABLE_NS_ASSERTIONS = NO;
				ENABLE_STRICT_OBJC_MSGSEND = YES;
				GCC_C_LANGUAGE_STANDARD = gnu99;
				GCC_NO_COMMON_BLOCKS = YES;
				GCC_WARN_64_TO_32_BIT_CONVERSION = YES;
				GCC_WARN_ABOUT_RETURN_TYPE = YES_ERROR;
				GCC_WARN_UNDECLARED_SELECTOR = YES;
				GCC_WARN_UNINITIALIZED_AUTOS = YES_AGGRESSIVE;
				GCC_WARN_UNUSED_FUNCTION = YES;
				GCC_WARN_UNUSED_VARIABLE = YES;
				IPHONEOS_DEPLOYMENT_TARGET = 8.0;
				MTL_ENABLE_DEBUG_INFO = NO;
				SDKROOT = iphoneos;
				VALIDATE_PRODUCT = YES;
			};
			name = Release;
		};
		8B3BA0C31FDFE1BF00407D25 /* Debug */ = {
			isa = XCBuildConfiguration;
			baseConfigurationReference = 9BB5E3DF6E7A80D531DC9322 /* Pods-MomentKit.debug.xcconfig */;
			buildSettings = {
				ASSETCATALOG_COMPILER_APPICON_NAME = AppIcon;
				DEVELOPMENT_TEAM = GRSZLFFNPH;
				GCC_PREFIX_HEADER = "MomentKit/MomentKit-Prefix.pch";
				INFOPLIST_FILE = "$(SRCROOT)/MomentKit/MomentKit-Info.plist";
				IPHONEOS_DEPLOYMENT_TARGET = 8.0;
				LD_RUNPATH_SEARCH_PATHS = "$(inherited) @executable_path/Frameworks";
				PRODUCT_BUNDLE_IDENTIFIER = com.lea.MomentKit;
				PRODUCT_NAME = "$(TARGET_NAME)";
			};
			name = Debug;
		};
		8B3BA0C41FDFE1BF00407D25 /* Release */ = {
			isa = XCBuildConfiguration;
			baseConfigurationReference = 2A914DEBA05CE3BE1B2BF4BF /* Pods-MomentKit.release.xcconfig */;
			buildSettings = {
				ASSETCATALOG_COMPILER_APPICON_NAME = AppIcon;
				DEVELOPMENT_TEAM = GRSZLFFNPH;
				GCC_PREFIX_HEADER = "MomentKit/MomentKit-Prefix.pch";
				INFOPLIST_FILE = "$(SRCROOT)/MomentKit/MomentKit-Info.plist";
				IPHONEOS_DEPLOYMENT_TARGET = 8.0;
				LD_RUNPATH_SEARCH_PATHS = "$(inherited) @executable_path/Frameworks";
				PRODUCT_BUNDLE_IDENTIFIER = com.lea.MomentKit;
				PRODUCT_NAME = "$(TARGET_NAME)";
			};
			name = Release;
		};
/* End XCBuildConfiguration section */

/* Begin XCConfigurationList section */
		8B3BA0A61FDFE1BF00407D25 /* Build configuration list for PBXProject "MomentKit" */ = {
			isa = XCConfigurationList;
			buildConfigurations = (
				8B3BA0C01FDFE1BF00407D25 /* Debug */,
				8B3BA0C11FDFE1BF00407D25 /* Release */,
			);
			defaultConfigurationIsVisible = 0;
			defaultConfigurationName = Release;
		};
		8B3BA0C21FDFE1BF00407D25 /* Build configuration list for PBXNativeTarget "MomentKit" */ = {
			isa = XCConfigurationList;
			buildConfigurations = (
				8B3BA0C31FDFE1BF00407D25 /* Debug */,
				8B3BA0C41FDFE1BF00407D25 /* Release */,
			);
			defaultConfigurationIsVisible = 0;
			defaultConfigurationName = Release;
		};
/* End XCConfigurationList section */
	};
	rootObject = 8B3BA0A31FDFE1BF00407D25 /* Project object */;
}
